{
  "lockfileVersion": 1,
  "configVersion": 1,
  "workspaces": {
    "": {
      "devDependencies": {
        "daisyui": "^5.5.14",
      },
    },
  },
  "packages": {
    "daisyui": ["daisyui@5.5.14", "", {}, "sha512-L47rvw7I7hK68TA97VB8Ee0woHew+/ohR6Lx6Ah/krfISOqcG4My7poNpX5Mo5/ytMxiR40fEaz6njzDi7cuSg=="],
  }
}
